
Microsoft Visual Studio Solution File, Format Version 12.00
# Visual Studio Version 17
VisualStudioVersion = 17.8.34309.116
MinimumVisualStudioVersion = 10.0.40219.1
Project("{FAE04EC0-301F-11D3-BF4B-00C04F79EFBC}") = "healthcalc-console-dotnet", "healthcalc-console-dotnet\healthcalc-console-dotnet.csproj", "{7CABB424-18EC-4AC9-B706-1274AB4692D9}"
EndProject
Project("{FAE04EC0-301F-11D3-BF4B-00C04F79EFBC}") = "healthcalc-pack-dotnet", "healthcalc-pack-dotnet\healthcalc-pack-dotnet.csproj", "{79607CCB-A2C9-4ADE-ABC0-29D19764210E}"
EndProject
Project("{FAE04EC0-301F-11D3-BF4B-00C04F79EFBC}") = "healthcalc-teste-dotnet", "healthcalc-teste-dotnet\healthcalc-teste-dotnet.csproj", "{534D68FF-0E12-47A7-A1D8-2A810A23D704}"
EndProject
Global
	GlobalSection(SolutionConfigurationPlatforms) = preSolution
		Debug|Any CPU = Debug|Any CPU
		Release|Any CPU = Release|Any CPU
	EndGlobalSection
	GlobalSection(ProjectConfigurationPlatforms) = postSolution
		{7CABB424-18EC-4AC9-B706-1274AB4692D9}.Debug|Any CPU.ActiveCfg = Debug|Any CPU
		{7CABB424-18EC-4AC9-B706-1274AB4692D9}.Debug|Any CPU.Build.0 = Debug|Any CPU
		{7CABB424-18EC-4AC9-B706-1274AB4692D9}.Release|Any CPU.ActiveCfg = Release|Any CPU
		{7CABB424-18EC-4AC9-B706-1274AB4692D9}.Release|Any CPU.Build.0 = Release|Any CPU
		{79607CCB-A2C9-4ADE-ABC0-29D19764210E}.Debug|Any CPU.ActiveCfg = Debug|Any CPU
		{79607CCB-A2C9-4ADE-ABC0-29D19764210E}.Debug|Any CPU.Build.0 = Debug|Any CPU
		{79607CCB-A2C9-4ADE-ABC0-29D19764210E}.Release|Any CPU.ActiveCfg = Release|Any CPU
		{79607CCB-A2C9-4ADE-ABC0-29D19764210E}.Release|Any CPU.Build.0 = Release|Any CPU
		{534D68FF-0E12-47A7-A1D8-2A810A23D704}.Debug|Any CPU.ActiveCfg = Debug|Any CPU
		{534D68FF-0E12-47A7-A1D8-2A810A23D704}.Debug|Any CPU.Build.0 = Debug|Any CPU
		{534D68FF-0E12-47A7-A1D8-2A810A23D704}.Release|Any CPU.ActiveCfg = Release|Any CPU
		{534D68FF-0E12-47A7-A1D8-2A810A23D704}.Release|Any CPU.Build.0 = Release|Any CPU
	EndGlobalSection
	GlobalSection(SolutionProperties) = preSolution
		HideSolutionNode = FALSE
	EndGlobalSection
	GlobalSection(ExtensibilityGlobals) = postSolution
		SolutionGuid = {8BA74F38-04F8-4248-9938-3777BA42C49F}
	EndGlobalSection
EndGlobal
